
Microsoft Visual Studio Solution File, Format Version 12.00
# Visual Studio 15
VisualStudioVersion = 15.0.27130.2020
MinimumVisualStudioVersion = 10.0.40219.1
Project("{FAE04EC0-301F-11D3-BF4B-00C04F79EFBC}") = "OdbcShell", "OdbcShell\OdbcShell.csproj", "{E1BEA863-2E32-4F04-9179-1DA5DC59F705}"
EndProject
Project("{FAE04EC0-301F-11D3-BF4B-00C04F79EFBC}") = "OdbcDriverManagment", "OdbcDriverManagment\OdbcDriverManagment.csproj", "{C4505C9B-EF5C-4D90-A687-49B1D97479C4}"
EndProject
Global
	GlobalSection(SolutionConfigurationPlatforms) = preSolution
		Debug|Any CPU = Debug|Any CPU
		Release|Any CPU = Release|Any CPU
	EndGlobalSection
	GlobalSection(ProjectConfigurationPlatforms) = postSolution
		{E1BEA863-2E32-4F04-9179-1DA5DC59F705}.Debug|Any CPU.ActiveCfg = Debug|Any CPU
		{E1BEA863-2E32-4F04-9179-1DA5DC59F705}.Debug|Any CPU.Build.0 = Debug|Any CPU
		{E1BEA863-2E32-4F04-9179-1DA5DC59F705}.Release|Any CPU.ActiveCfg = Release|Any CPU
		{E1BEA863-2E32-4F04-9179-1DA5DC59F705}.Release|Any CPU.Build.0 = Release|Any CPU
		{C4505C9B-EF5C-4D90-A687-49B1D97479C4}.Debug|Any CPU.ActiveCfg = Debug|Any CPU
		{C4505C9B-EF5C-4D90-A687-49B1D97479C4}.Debug|Any CPU.Build.0 = Debug|Any CPU
		{C4505C9B-EF5C-4D90-A687-49B1D97479C4}.Release|Any CPU.ActiveCfg = Release|Any CPU
		{C4505C9B-EF5C-4D90-A687-49B1D97479C4}.Release|Any CPU.Build.0 = Release|Any CPU
	EndGlobalSection
	GlobalSection(SolutionProperties) = preSolution
		HideSolutionNode = FALSE
	EndGlobalSection
	GlobalSection(ExtensibilityGlobals) = postSolution
		SolutionGuid = {A7679831-FCBD-4D1B-AA49-5B7A3F87286A}
	EndGlobalSection
EndGlobal
